
Microsoft Visual Studio Solution File, Format Version 12.00
# Visual Studio Version 16
VisualStudioVersion = 16.0.31129.286
MinimumVisualStudioVersion = 10.0.40219.1
Project("{FAE04EC0-301F-11D3-BF4B-00C04F79EFBC}") = "MockFinalProject2", "MockFinalProject2.csproj", "{932C5DE8-C224-40E2-A657-652FB4C59DFE}"
EndProject
Global
	GlobalSection(SolutionConfigurationPlatforms) = preSolution
		Debug|Any CPU = Debug|Any CPU
		Release|Any CPU = Release|Any CPU
	EndGlobalSection
	GlobalSection(ProjectConfigurationPlatforms) = postSolution
		{932C5DE8-C224-40E2-A657-652FB4C59DFE}.Debug|Any CPU.ActiveCfg = Debug|Any CPU
		{932C5DE8-C224-40E2-A657-652FB4C59DFE}.Debug|Any CPU.Build.0 = Debug|Any CPU
		{932C5DE8-C224-40E2-A657-652FB4C59DFE}.Release|Any CPU.ActiveCfg = Release|Any CPU
		{932C5DE8-C224-40E2-A657-652FB4C59DFE}.Release|Any CPU.Build.0 = Release|Any CPU
	EndGlobalSection
	GlobalSection(SolutionProperties) = preSolution
		HideSolutionNode = FALSE
	EndGlobalSection
	GlobalSection(ExtensibilityGlobals) = postSolution
		SolutionGuid = {33C87812-F618-44F8-A13D-95229D49D071}
	EndGlobalSection
EndGlobal
